
Microsoft Visual Studio Solution File, Format Version 12.00
# Visual Studio 2012
Project("{FAE04EC0-301F-11D3-BF4B-00C04F79EFBC}") = "Expression_Conversion", "Expression_Conversion.csproj", "{341D87CA-1091-471C-9B7F-27A7E848F260}"
EndProject
Global
	GlobalSection(SolutionConfigurationPlatforms) = preSolution
		Debug|Any CPU = Debug|Any CPU
		Release|Any CPU = Release|Any CPU
	EndGlobalSection
	GlobalSection(ProjectConfigurationPlatforms) = postSolution
		{341D87CA-1091-471C-9B7F-27A7E848F260}.Debug|Any CPU.ActiveCfg = Debug|Any CPU
		{341D87CA-1091-471C-9B7F-27A7E848F260}.Debug|Any CPU.Build.0 = Debug|Any CPU
		{341D87CA-1091-471C-9B7F-27A7E848F260}.Release|Any CPU.ActiveCfg = Release|Any CPU
		{341D87CA-1091-471C-9B7F-27A7E848F260}.Release|Any CPU.Build.0 = Release|Any CPU
	EndGlobalSection
	GlobalSection(SolutionProperties) = preSolution
		HideSolutionNode = FALSE
	EndGlobalSection
EndGlobal
